
Microsoft Visual Studio Solution File, Format Version 12.00
# Visual Studio Version 17
VisualStudioVersion = 17.9.34728.123
MinimumVisualStudioVersion = 10.0.40219.1
Project("{2150E333-8FDC-42A3-9474-1A3956D46DE8}") = "Internal", "Internal", "{D5DA8B55-F4AB-4138-8D90-9B90399068BC}"
EndProject
Project("{2150E333-8FDC-42A3-9474-1A3956D46DE8}") = "Scripts", "Scripts", "{E9056D88-32DF-4864-BD82-4BF52B3583EA}"
EndProject
Project("{2150E333-8FDC-42A3-9474-1A3956D46DE8}") = "Dlls", "Dlls", "{1730BC58-421D-43F9-9254-117C221A5BFE}"
	ProjectSection(SolutionItems) = preProject
		Dlls\readme.txt = Dlls\readme.txt
	EndProjectSection
EndProject
Project("{2150E333-8FDC-42A3-9474-1A3956D46DE8}") = "Documentation", "Documentation", "{9EB84EC4-955E-4139-BC35-A675156B1D76}"
	ProjectSection(SolutionItems) = preProject
		Documentation\readme.txt = Documentation\readme.txt
	EndProjectSection
EndProject
Project("{2150E333-8FDC-42A3-9474-1A3956D46DE8}") = "CSV", "CSV", "{F04941C1-705A-400F-BE3F-387978AAEFD8}"
	ProjectSection(SolutionItems) = preProject
		CSV.xml = CSV.xml
	EndProjectSection
EndProject
Project("{2150E333-8FDC-42A3-9474-1A3956D46DE8}") = "Actions", "Actions", "{31B5FBFF-8E9A-40A3-B8CD-E5549F20B89E}"
EndProject
Project("{FAE04EC0-301F-11D3-BF4B-00C04F79EFBC}") = "CSV_2", "CSV_2\CSV_2.csproj", "{72DE49DC-2575-4E54-9663-26C29EDCEBEC}"
EndProject
Global
	GlobalSection(SolutionConfigurationPlatforms) = preSolution
		Debug|Any CPU = Debug|Any CPU
		Release|Any CPU = Release|Any CPU
	EndGlobalSection
	GlobalSection(ProjectConfigurationPlatforms) = postSolution
		{72DE49DC-2575-4E54-9663-26C29EDCEBEC}.Debug|Any CPU.ActiveCfg = Debug|Any CPU
		{72DE49DC-2575-4E54-9663-26C29EDCEBEC}.Debug|Any CPU.Build.0 = Debug|Any CPU
		{72DE49DC-2575-4E54-9663-26C29EDCEBEC}.Release|Any CPU.ActiveCfg = Release|Any CPU
		{72DE49DC-2575-4E54-9663-26C29EDCEBEC}.Release|Any CPU.Build.0 = Release|Any CPU
	EndGlobalSection
	GlobalSection(SolutionProperties) = preSolution
		HideSolutionNode = FALSE
	EndGlobalSection
	GlobalSection(NestedProjects) = preSolution
		{F04941C1-705A-400F-BE3F-387978AAEFD8} = {E9056D88-32DF-4864-BD82-4BF52B3583EA}
		{31B5FBFF-8E9A-40A3-B8CD-E5549F20B89E} = {F04941C1-705A-400F-BE3F-387978AAEFD8}
		{72DE49DC-2575-4E54-9663-26C29EDCEBEC} = {31B5FBFF-8E9A-40A3-B8CD-E5549F20B89E}
	EndGlobalSection
	GlobalSection(ExtensibilityGlobals) = postSolution
		SolutionGuid = {733C163B-2DE9-4889-B475-56F309D93AFA}
	EndGlobalSection
EndGlobal
